
Microsoft Visual Studio Solution File, Format Version 12.00
# Visual Studio Version 17
VisualStudioVersion = 17.10.35004.147
MinimumVisualStudioVersion = 10.0.40219.1
Project("{FAE04EC0-301F-11D3-BF4B-00C04F79EFBC}") = "CIS2261_ProjectDesign", "CIS2261_ProjectDesign\CIS2261_ProjectDesign.csproj", "{18C6C4F1-C422-4BBF-8697-B0D94BB87F6F}"
EndProject
Global
	GlobalSection(SolutionConfigurationPlatforms) = preSolution
		Debug|Any CPU = Debug|Any CPU
		Release|Any CPU = Release|Any CPU
	EndGlobalSection
	GlobalSection(ProjectConfigurationPlatforms) = postSolution
		{18C6C4F1-C422-4BBF-8697-B0D94BB87F6F}.Debug|Any CPU.ActiveCfg = Debug|Any CPU
		{18C6C4F1-C422-4BBF-8697-B0D94BB87F6F}.Debug|Any CPU.Build.0 = Debug|Any CPU
		{18C6C4F1-C422-4BBF-8697-B0D94BB87F6F}.Release|Any CPU.ActiveCfg = Release|Any CPU
		{18C6C4F1-C422-4BBF-8697-B0D94BB87F6F}.Release|Any CPU.Build.0 = Release|Any CPU
	EndGlobalSection
	GlobalSection(SolutionProperties) = preSolution
		HideSolutionNode = FALSE
	EndGlobalSection
	GlobalSection(ExtensibilityGlobals) = postSolution
		SolutionGuid = {0A682534-D160-4966-85D3-7794663E74D8}
	EndGlobalSection
EndGlobal
